{
    "_meta": {
        "hash": {
            "sha256": "da9d2fe7541bccd29f6e39bb3edffd6991847e0b4ad09b3632934f79fd9e032a"
        },
        "pipfile-spec": 6,
        "requires": {
            "python_version": "3.10"
        },
        "sources": [
            {
                "name": "pypi",
                "url": "https://pypi.org/simple",
                "verify_ssl": true
            }
        ]
    },
    "default": {
        "dnslib": {
            "hashes": [
                "sha256:a6e36ca96c289e2cb4ac6aa05c037cbef318401ba8ff04a8676892ca79749c77"
            ],
            "index": "pypi",
            "version": "==0.9.19"
        }
    },
    "develop": {}
}
